
Microsoft Visual Studio Solution File, Format Version 12.00
# Visual Studio Version 16
VisualStudioVersion = 16.0.31729.503
MinimumVisualStudioVersion = 10.0.40219.1
Project("{8BC9CEB8-8B4A-11D0-8D11-00A0C91BC942}") = "Hack Assembler (Less Symbols)", "Hack Assembler (Less Symbols)\Hack Assembler (Less Symbols).vcxproj", "{ABBC8C26-95AF-47CD-9652-C8D23531D4EF}"
EndProject
Project("{8BC9CEB8-8B4A-11D0-8D11-00A0C91BC942}") = "Hack Assembler", "Hack Assembler\Hack Assembler.vcxproj", "{3A52969A-B79D-40BD-8BAC-71D3CE1184A8}"
EndProject
Global
	GlobalSection(SolutionConfigurationPlatforms) = preSolution
		Debug|x64 = Debug|x64
		Debug|x86 = Debug|x86
		Release|x64 = Release|x64
		Release|x86 = Release|x86
	EndGlobalSection
	GlobalSection(ProjectConfigurationPlatforms) = postSolution
		{ABBC8C26-95AF-47CD-9652-C8D23531D4EF}.Debug|x64.ActiveCfg = Debug|x64
		{ABBC8C26-95AF-47CD-9652-C8D23531D4EF}.Debug|x64.Build.0 = Debug|x64
		{ABBC8C26-95AF-47CD-9652-C8D23531D4EF}.Debug|x86.ActiveCfg = Debug|Win32
		{ABBC8C26-95AF-47CD-9652-C8D23531D4EF}.Debug|x86.Build.0 = Debug|Win32
		{ABBC8C26-95AF-47CD-9652-C8D23531D4EF}.Release|x64.ActiveCfg = Release|x64
		{ABBC8C26-95AF-47CD-9652-C8D23531D4EF}.Release|x64.Build.0 = Release|x64
		{ABBC8C26-95AF-47CD-9652-C8D23531D4EF}.Release|x86.ActiveCfg = Release|Win32
		{ABBC8C26-95AF-47CD-9652-C8D23531D4EF}.Release|x86.Build.0 = Release|Win32
		{3A52969A-B79D-40BD-8BAC-71D3CE1184A8}.Debug|x64.ActiveCfg = Debug|x64
		{3A52969A-B79D-40BD-8BAC-71D3CE1184A8}.Debug|x64.Build.0 = Debug|x64
		{3A52969A-B79D-40BD-8BAC-71D3CE1184A8}.Debug|x86.ActiveCfg = Debug|Win32
		{3A52969A-B79D-40BD-8BAC-71D3CE1184A8}.Debug|x86.Build.0 = Debug|Win32
		{3A52969A-B79D-40BD-8BAC-71D3CE1184A8}.Release|x64.ActiveCfg = Release|x64
		{3A52969A-B79D-40BD-8BAC-71D3CE1184A8}.Release|x64.Build.0 = Release|x64
		{3A52969A-B79D-40BD-8BAC-71D3CE1184A8}.Release|x86.ActiveCfg = Release|Win32
		{3A52969A-B79D-40BD-8BAC-71D3CE1184A8}.Release|x86.Build.0 = Release|Win32
	EndGlobalSection
	GlobalSection(SolutionProperties) = preSolution
		HideSolutionNode = FALSE
	EndGlobalSection
	GlobalSection(ExtensibilityGlobals) = postSolution
		SolutionGuid = {75ABC0B9-26F3-4308-8FE5-CD0C39BE4051}
	EndGlobalSection
EndGlobal
